// !$*UTF8*$!
{
	archiveVersion = 1;
	classes = {
	};
	objectVersion = 56;
	objects = {

/* Begin PBXBuildFile section */
		4E15EB1D2F2B48230093C805 /* chat_storageApp.swift in Sources */ = {isa = PBXBuildFile; fileRef = 4E15EB1C2F2B48230093C805 /* chat_storageApp.swift */; };
		4E15EB1F2F2B48230093C805 /* ContentView.swift in Sources */ = {isa = PBXBuildFile; fileRef = 4E15EB1E2F2B48230093C805 /* ContentView.swift */; };
		4E15EB212F2B48250093C805 /* Assets.xcassets in Resources */ = {isa = PBXBuildFile; fileRef = 4E15EB202F2B48250093C805 /* Assets.xcassets */; };
		4E15EB242F2B48250093C805 /* Preview Assets.xcassets in Resources */ = {isa = PBXBuildFile; fileRef = 4E15EB232F2B48250093C805 /* Preview Assets.xcassets */; };
		4E15EB262F2B48250093C805 /* Persistence.swift in Sources */ = {isa = PBXBuildFile; fileRef = 4E15EB252F2B48250093C805 /* Persistence.swift */; };
		4E15EB292F2B48250093C805 /* chat_storage.xcdatamodeld in Sources */ = {isa = PBXBuildFile; fileRef = 4E15EB272F2B48250093C805 /* chat_storage.xcdatamodeld */; };
		4E15EB342F2B48250093C805 /* chat_storageTests.swift in Sources */ = {isa = PBXBuildFile; fileRef = 4E15EB332F2B48250093C805 /* chat_storageTests.swift */; };
		4E15EB3E2F2B48250093C805 /* chat_storageUITests.swift in Sources */ = {isa = PBXBuildFile; fileRef = 4E15EB3D2F2B48250093C805 /* chat_storageUITests.swift */; };
		4E15EB402F2B48250093C805 /* chat_storageUITestsLaunchTests.swift in Sources */ = {isa = PBXBuildFile; fileRef = 4E15EB3F2F2B48250093C805 /* chat_storageUITestsLaunchTests.swift */; };
		4E2B8E3C2F37294600EE9F33 /* VideoStreamLoaderDelegate.swift in Sources */ = {isa = PBXBuildFile; fileRef = 4E2B8E352F37294600EE9F33 /* VideoStreamLoaderDelegate.swift */; };
		4E2B8E3D2F37294600EE9F33 /* RecursiveDirectoryView.swift in Sources */ = {isa = PBXBuildFile; fileRef = 4E2B8E362F37294600EE9F33 /* RecursiveDirectoryView.swift */; };
		4E2B8E3E2F37294600EE9F33 /* TransferModels.swift in Sources */ = {isa = PBXBuildFile; fileRef = 4E2B8E372F37294600EE9F33 /* TransferModels.swift */; };
		4E2B8E3F2F37294600EE9F33 /* VideoPlayerView.swift in Sources */ = {isa = PBXBuildFile; fileRef = 4E2B8E382F37294600EE9F33 /* VideoPlayerView.swift */; };
		4E2B8E402F37294600EE9F33 /* StorageTransferTask.swift in Sources */ = {isa = PBXBuildFile; fileRef = 4E2B8E392F37294600EE9F33 /* StorageTransferTask.swift */; };
		4E2B8E412F37294600EE9F33 /* FileDownloadService.swift in Sources */ = {isa = PBXBuildFile; fileRef = 4E2B8E3A2F37294600EE9F33 /* FileDownloadService.swift */; };
		4E2B8E422F37294600EE9F33 /* Contents.json in Resources */ = {isa = PBXBuildFile; fileRef = 4E2B8E3B2F37294600EE9F33 /* Contents.json */; };
		4E2B8E442F397EB500EE9F33 /* TransferTaskManager.swift in Sources */ = {isa = PBXBuildFile; fileRef = 4E2B8E432F397EB500EE9F33 /* TransferTaskManager.swift */; };
		4ED769982F2C4D6D006CFB2F /* InputValidator.swift in Sources */ = {isa = PBXBuildFile; fileRef = 4ED769952F2C4D6D006CFB2F /* InputValidator.swift */; };
		4ED769992F2C4D6D006CFB2F /* RegisterView.swift in Sources */ = {isa = PBXBuildFile; fileRef = 4ED769962F2C4D6D006CFB2F /* RegisterView.swift */; };
		4ED7699A2F2C4D6D006CFB2F /* LoginView.swift in Sources */ = {isa = PBXBuildFile; fileRef = 4ED769972F2C4D6D006CFB2F /* LoginView.swift */; };
		4ED7699C2F2C52F8006CFB2F /* SocketManager.swift in Sources */ = {isa = PBXBuildFile; fileRef = 4ED7699B2F2C52F8006CFB2F /* SocketManager.swift */; };
		4ED7699E2F2C88DF006CFB2F /* ConfigServerView.swift in Sources */ = {isa = PBXBuildFile; fileRef = 4ED7699D2F2C88DF006CFB2F /* ConfigServerView.swift */; };
		4ED769A32F2CB198006CFB2F /* Preview Content in Resources */ = {isa = PBXBuildFile; fileRef = 4ED7699F2F2CB197006CFB2F /* Preview Content */; };
		4ED769A52F2CB198006CFB2F /* SocketManager+FrameHandling.swift in Sources */ = {isa = PBXBuildFile; fileRef = 4ED769A12F2CB197006CFB2F /* SocketManager+FrameHandling.swift */; };
		4ED769C92F2CB8F4006CFB2F /* UserDO.swift in Sources */ = {isa = PBXBuildFile; fileRef = 4ED769C12F2CB8F4006CFB2F /* UserDO.swift */; };
		4ED769CA2F2CB8F4006CFB2F /* FrameTypeEnum.swift in Sources */ = {isa = PBXBuildFile; fileRef = 4ED769C32F2CB8F4006CFB2F /* FrameTypeEnum.swift */; };
		4ED769CB2F2CB8F4006CFB2F /* FrameParser.swift in Sources */ = {isa = PBXBuildFile; fileRef = 4ED769C42F2CB8F4006CFB2F /* FrameParser.swift */; };
		4ED769CC2F2CB8F4006CFB2F /* Frame.swift in Sources */ = {isa = PBXBuildFile; fileRef = 4ED769C52F2CB8F4006CFB2F /* Frame.swift */; };
		4ED769CD2F2CB8F4006CFB2F /* FrameBuilder.swift in Sources */ = {isa = PBXBuildFile; fileRef = 4ED769C62F2CB8F4006CFB2F /* FrameBuilder.swift */; };
		4ED769CE2F2CB8F4006CFB2F /* UserRequest.swift in Sources */ = {isa = PBXBuildFile; fileRef = 4ED769C82F2CB8F4006CFB2F /* UserRequest.swift */; };
		4ED769D12F2CB903006CFB2F /* AuthenticationService.swift in Sources */ = {isa = PBXBuildFile; fileRef = 4ED769D02F2CB903006CFB2F /* AuthenticationService.swift */; };
		767210272F2DADC20067C257 /* MainChatStorage.swift in Sources */ = {isa = PBXBuildFile; fileRef = 767210262F2DADC20067C257 /* MainChatStorage.swift */; };
		767210292F2DE4D70067C257 /* DirectoryService.swift in Sources */ = {isa = PBXBuildFile; fileRef = 767210282F2DE4D70067C257 /* DirectoryService.swift */; };
		7672102B2F2DE52C0067C257 /* FileDto.swift in Sources */ = {isa = PBXBuildFile; fileRef = 7672102A2F2DE52C0067C257 /* FileDto.swift */; };
/* End PBXBuildFile section */

/* Begin PBXContainerItemProxy section */
		4E15EB302F2B48250093C805 /* PBXContainerItemProxy */ = {
			isa = PBXContainerItemProxy;
			containerPortal = 4E15EB112F2B48230093C805 /* Project object */;
			proxyType = 1;
			remoteGlobalIDString = 4E15EB182F2B48230093C805;
			remoteInfo = "chat-storage";
		};
		4E15EB3A2F2B48250093C805 /* PBXContainerItemProxy */ = {
			isa = PBXContainerItemProxy;
			containerPortal = 4E15EB112F2B48230093C805 /* Project object */;
			proxyType = 1;
			remoteGlobalIDString = 4E15EB182F2B48230093C805;
			remoteInfo = "chat-storage";
		};
/* End PBXContainerItemProxy section */

/* Begin PBXFileReference section */
		4E15EB192F2B48230093C805 /* chat-storage.app */ = {isa = PBXFileReference; explicitFileType = wrapper.application; includeInIndex = 0; path = "chat-storage.app"; sourceTree = BUILT_PRODUCTS_DIR; };
		4E15EB1C2F2B48230093C805 /* chat_storageApp.swift */ = {isa = PBXFileReference; lastKnownFileType = sourcecode.swift; path = chat_storageApp.swift; sourceTree = "<group>"; };
		4E15EB1E2F2B48230093C805 /* ContentView.swift */ = {isa = PBXFileReference; lastKnownFileType = sourcecode.swift; path = ContentView.swift; sourceTree = "<group>"; };
		4E15EB202F2B48250093C805 /* Assets.xcassets */ = {isa = PBXFileReference; lastKnownFileType = folder.assetcatalog; path = Assets.xcassets; sourceTree = "<group>"; };
		4E15EB232F2B48250093C805 /* Preview Assets.xcassets */ = {isa = PBXFileReference; lastKnownFileType = folder.assetcatalog; path = "Preview Assets.xcassets"; sourceTree = "<group>"; };
		4E15EB252F2B48250093C805 /* Persistence.swift */ = {isa = PBXFileReference; lastKnownFileType = sourcecode.swift; path = Persistence.swift; sourceTree = "<group>"; };
		4E15EB282F2B48250093C805 /* chat_storage.xcdatamodel */ = {isa = PBXFileReference; lastKnownFileType = wrapper.xcdatamodel; path = chat_storage.xcdatamodel; sourceTree = "<group>"; };
		4E15EB2A2F2B48250093C805 /* chat_storage.entitlements */ = {isa = PBXFileReference; lastKnownFileType = text.plist.entitlements; path = chat_storage.entitlements; sourceTree = "<group>"; };
		4E15EB2F2F2B48250093C805 /* chat-storageTests.xctest */ = {isa = PBXFileReference; explicitFileType = wrapper.cfbundle; includeInIndex = 0; path = "chat-storageTests.xctest"; sourceTree = BUILT_PRODUCTS_DIR; };
		4E15EB332F2B48250093C805 /* chat_storageTests.swift */ = {isa = PBXFileReference; lastKnownFileType = sourcecode.swift; path = chat_storageTests.swift; sourceTree = "<group>"; };
		4E15EB392F2B48250093C805 /* chat-storageUITests.xctest */ = {isa = PBXFileReference; explicitFileType = wrapper.cfbundle; includeInIndex = 0; path = "chat-storageUITests.xctest"; sourceTree = BUILT_PRODUCTS_DIR; };
		4E15EB3D2F2B48250093C805 /* chat_storageUITests.swift */ = {isa = PBXFileReference; lastKnownFileType = sourcecode.swift; path = chat_storageUITests.swift; sourceTree = "<group>"; };
		4E15EB3F2F2B48250093C805 /* chat_storageUITestsLaunchTests.swift */ = {isa = PBXFileReference; lastKnownFileType = sourcecode.swift; path = chat_storageUITestsLaunchTests.swift; sourceTree = "<group>"; };
		4E2B8E352F37294600EE9F33 /* VideoStreamLoaderDelegate.swift */ = {isa = PBXFileReference; fileEncoding = 4; lastKnownFileType = sourcecode.swift; path = VideoStreamLoaderDelegate.swift; sourceTree = "<group>"; };
		4E2B8E362F37294600EE9F33 /* RecursiveDirectoryView.swift */ = {isa = PBXFileReference; fileEncoding = 4; lastKnownFileType = sourcecode.swift; path = RecursiveDirectoryView.swift; sourceTree = "<group>"; };
		4E2B8E372F37294600EE9F33 /* TransferModels.swift */ = {isa = PBXFileReference; fileEncoding = 4; lastKnownFileType = sourcecode.swift; path = TransferModels.swift; sourceTree = "<group>"; };
		4E2B8E382F37294600EE9F33 /* VideoPlayerView.swift */ = {isa = PBXFileReference; fileEncoding = 4; lastKnownFileType = sourcecode.swift; path = VideoPlayerView.swift; sourceTree = "<group>"; };
		4E2B8E392F37294600EE9F33 /* StorageTransferTask.swift */ = {isa = PBXFileReference; fileEncoding = 4; lastKnownFileType = sourcecode.swift; path = StorageTransferTask.swift; sourceTree = "<group>"; };
		4E2B8E3A2F37294600EE9F33 /* FileDownloadService.swift */ = {isa = PBXFileReference; fileEncoding = 4; lastKnownFileType = sourcecode.swift; path = FileDownloadService.swift; sourceTree = "<group>"; };
		4E2B8E3B2F37294600EE9F33 /* Contents.json */ = {isa = PBXFileReference; fileEncoding = 4; lastKnownFileType = text.json; name = Contents.json; path = "Preview Content/Preview Assets.xcassets/Contents.json"; sourceTree = "<group>"; };
		4E2B8E432F397EB500EE9F33 /* TransferTaskManager.swift */ = {isa = PBXFileReference; fileEncoding = 4; lastKnownFileType = sourcecode.swift; name = TransferTaskManager.swift; path = Services/TransferTaskManager.swift; sourceTree = "<group>"; };
		4ED769952F2C4D6D006CFB2F /* InputValidator.swift */ = {isa = PBXFileReference; fileEncoding = 4; lastKnownFileType = sourcecode.swift; path = InputValidator.swift; sourceTree = "<group>"; };
		4ED769962F2C4D6D006CFB2F /* RegisterView.swift */ = {isa = PBXFileReference; fileEncoding = 4; lastKnownFileType = sourcecode.swift; path = RegisterView.swift; sourceTree = "<group>"; };
		4ED769972F2C4D6D006CFB2F /* LoginView.swift */ = {isa = PBXFileReference; fileEncoding = 4; lastKnownFileType = sourcecode.swift; path = LoginView.swift; sourceTree = "<group>"; };
		4ED7699B2F2C52F8006CFB2F /* SocketManager.swift */ = {isa = PBXFileReference; fileEncoding = 4; lastKnownFileType = sourcecode.swift; path = SocketManager.swift; sourceTree = "<group>"; };
		4ED7699D2F2C88DF006CFB2F /* ConfigServerView.swift */ = {isa = PBXFileReference; fileEncoding = 4; lastKnownFileType = sourcecode.swift; path = ConfigServerView.swift; sourceTree = "<group>"; };
		4ED7699F2F2CB197006CFB2F /* Preview Content */ = {isa = PBXFileReference; lastKnownFileType = folder; path = "Preview Content"; sourceTree = "<group>"; };
		4ED769A12F2CB197006CFB2F /* SocketManager+FrameHandling.swift */ = {isa = PBXFileReference; fileEncoding = 4; lastKnownFileType = sourcecode.swift; path = "SocketManager+FrameHandling.swift"; sourceTree = "<group>"; };
		4ED769C12F2CB8F4006CFB2F /* UserDO.swift */ = {isa = PBXFileReference; fileEncoding = 4; lastKnownFileType = sourcecode.swift; path = UserDO.swift; sourceTree = "<group>"; };
		4ED769C32F2CB8F4006CFB2F /* FrameTypeEnum.swift */ = {isa = PBXFileReference; fileEncoding = 4; lastKnownFileType = sourcecode.swift; path = FrameTypeEnum.swift; sourceTree = "<group>"; };
		4ED769C42F2CB8F4006CFB2F /* FrameParser.swift */ = {isa = PBXFileReference; fileEncoding = 4; lastKnownFileType = sourcecode.swift; path = FrameParser.swift; sourceTree = "<group>"; };
		4ED769C52F2CB8F4006CFB2F /* Frame.swift */ = {isa = PBXFileReference; fileEncoding = 4; lastKnownFileType = sourcecode.swift; path = Frame.swift; sourceTree = "<group>"; };
		4ED769C62F2CB8F4006CFB2F /* FrameBuilder.swift */ = {isa = PBXFileReference; fileEncoding = 4; lastKnownFileType = sourcecode.swift; path = FrameBuilder.swift; sourceTree = "<group>"; };
		4ED769C82F2CB8F4006CFB2F /* UserRequest.swift */ = {isa = PBXFileReference; fileEncoding = 4; lastKnownFileType = sourcecode.swift; path = UserRequest.swift; sourceTree = "<group>"; };
		4ED769D02F2CB903006CFB2F /* AuthenticationService.swift */ = {isa = PBXFileReference; fileEncoding = 4; lastKnownFileType = sourcecode.swift; path = AuthenticationService.swift; sourceTree = "<group>"; };
		767210262F2DADC20067C257 /* MainChatStorage.swift */ = {isa = PBXFileReference; lastKnownFileType = sourcecode.swift; path = MainChatStorage.swift; sourceTree = "<group>"; };
		767210282F2DE4D70067C257 /* DirectoryService.swift */ = {isa = PBXFileReference; lastKnownFileType = sourcecode.swift; path = DirectoryService.swift; sourceTree = "<group>"; };
		7672102A2F2DE52C0067C257 /* FileDto.swift */ = {isa = PBXFileReference; lastKnownFileType = sourcecode.swift; path = FileDto.swift; sourceTree = "<group>"; };
/* End PBXFileReference section */

/* Begin PBXFrameworksBuildPhase section */
		4E15EB162F2B48230093C805 /* Frameworks */ = {
			isa = PBXFrameworksBuildPhase;
			buildActionMask = 2147483647;
			files = (
			);
			runOnlyForDeploymentPostprocessing = 0;
		};
		4E15EB2C2F2B48250093C805 /* Frameworks */ = {
			isa = PBXFrameworksBuildPhase;
			buildActionMask = 2147483647;
			files = (
			);
			runOnlyForDeploymentPostprocessing = 0;
		};
		4E15EB362F2B48250093C805 /* Frameworks */ = {
			isa = PBXFrameworksBuildPhase;
			buildActionMask = 2147483647;
			files = (
			);
			runOnlyForDeploymentPostprocessing = 0;
		};
/* End PBXFrameworksBuildPhase section */

/* Begin PBXGroup section */
		4E15EB102F2B48230093C805 = {
			isa = PBXGroup;
			children = (
				4E15EB1B2F2B48230093C805 /* chat-storage */,
				4E15EB322F2B48250093C805 /* chat-storageTests */,
				4E15EB3C2F2B48250093C805 /* chat-storageUITests */,
				4E15EB1A2F2B48230093C805 /* Products */,
			);
			sourceTree = "<group>";
		};
		4E15EB1A2F2B48230093C805 /* Products */ = {
			isa = PBXGroup;
			children = (
				4E15EB192F2B48230093C805 /* chat-storage.app */,
				4E15EB2F2F2B48250093C805 /* chat-storageTests.xctest */,
				4E15EB392F2B48250093C805 /* chat-storageUITests.xctest */,
			);
			name = Products;
			sourceTree = "<group>";
		};
		4E15EB1B2F2B48230093C805 /* chat-storage */ = {
			isa = PBXGroup;
			children = (
				4E2B8E432F397EB500EE9F33 /* TransferTaskManager.swift */,
				4E2B8E3B2F37294600EE9F33 /* Contents.json */,
				767210262F2DADC20067C257 /* MainChatStorage.swift */,
				4ED769CF2F2CB903006CFB2F /* Services */,
				4ED769BF2F2CB8F4006CFB2F /* Models */,
				4ED769A12F2CB197006CFB2F /* SocketManager+FrameHandling.swift */,
				4ED7699F2F2CB197006CFB2F /* Preview Content */,
				4ED7699B2F2C52F8006CFB2F /* SocketManager.swift */,
				4ED7699D2F2C88DF006CFB2F /* ConfigServerView.swift */,
				4ED769952F2C4D6D006CFB2F /* InputValidator.swift */,
				4ED769972F2C4D6D006CFB2F /* LoginView.swift */,
				4ED769962F2C4D6D006CFB2F /* RegisterView.swift */,
				4E15EB1C2F2B48230093C805 /* chat_storageApp.swift */,
				4E15EB1E2F2B48230093C805 /* ContentView.swift */,
				4E15EB202F2B48250093C805 /* Assets.xcassets */,
				4E15EB252F2B48250093C805 /* Persistence.swift */,
				4E15EB2A2F2B48250093C805 /* chat_storage.entitlements */,
				4E15EB272F2B48250093C805 /* chat_storage.xcdatamodeld */,
				4E15EB222F2B48250093C805 /* Preview Content */,
			);
			path = "chat-storage";
			sourceTree = "<group>";
		};
		4E15EB222F2B48250093C805 /* Preview Content */ = {
			isa = PBXGroup;
			children = (
				4E15EB232F2B48250093C805 /* Preview Assets.xcassets */,
			);
			path = "Preview Content";
			sourceTree = "<group>";
		};
		4E15EB322F2B48250093C805 /* chat-storageTests */ = {
			isa = PBXGroup;
			children = (
				4E15EB332F2B48250093C805 /* chat_storageTests.swift */,
			);
			path = "chat-storageTests";
			sourceTree = "<group>";
		};
		4E15EB3C2F2B48250093C805 /* chat-storageUITests */ = {
			isa = PBXGroup;
			children = (
				4E15EB3D2F2B48250093C805 /* chat_storageUITests.swift */,
				4E15EB3F2F2B48250093C805 /* chat_storageUITestsLaunchTests.swift */,
			);
			path = "chat-storageUITests";
			sourceTree = "<group>";
		};
		4ED769BF2F2CB8F4006CFB2F /* Models */ = {
			isa = PBXGroup;
			children = (
				4ED769C02F2CB8F4006CFB2F /* do */,
				4ED769C22F2CB8F4006CFB2F /* frame */,
				4ED769C72F2CB8F4006CFB2F /* request */,
			);
			path = Models;
			sourceTree = "<group>";
		};
		4ED769C02F2CB8F4006CFB2F /* do */ = {
			isa = PBXGroup;
			children = (
				7672102A2F2DE52C0067C257 /* FileDto.swift */,
				4ED769C12F2CB8F4006CFB2F /* UserDO.swift */,
			);
			path = do;
			sourceTree = "<group>";
		};
		4ED769C22F2CB8F4006CFB2F /* frame */ = {
			isa = PBXGroup;
			children = (
				4ED769C32F2CB8F4006CFB2F /* FrameTypeEnum.swift */,
				4ED769C42F2CB8F4006CFB2F /* FrameParser.swift */,
				4ED769C52F2CB8F4006CFB2F /* Frame.swift */,
				4ED769C62F2CB8F4006CFB2F /* FrameBuilder.swift */,
			);
			path = frame;
			sourceTree = "<group>";
		};
		4ED769C72F2CB8F4006CFB2F /* request */ = {
			isa = PBXGroup;
			children = (
				4ED769C82F2CB8F4006CFB2F /* UserRequest.swift */,
			);
			path = request;
			sourceTree = "<group>";
		};
		4ED769CF2F2CB903006CFB2F /* Services */ = {
			isa = PBXGroup;
			children = (
				4E2B8E3A2F37294600EE9F33 /* FileDownloadService.swift */,
				4E2B8E362F37294600EE9F33 /* RecursiveDirectoryView.swift */,
				4E2B8E392F37294600EE9F33 /* StorageTransferTask.swift */,
				4E2B8E372F37294600EE9F33 /* TransferModels.swift */,
				4E2B8E382F37294600EE9F33 /* VideoPlayerView.swift */,
				4E2B8E352F37294600EE9F33 /* VideoStreamLoaderDelegate.swift */,
				767210282F2DE4D70067C257 /* DirectoryService.swift */,
				4ED769D02F2CB903006CFB2F /* AuthenticationService.swift */,
			);
			path = Services;
			sourceTree = "<group>";
		};
/* End PBXGroup section */

/* Begin PBXNativeTarget section */
		4E15EB182F2B48230093C805 /* chat-storage */ = {
			isa = PBXNativeTarget;
			buildConfigurationList = 4E15EB432F2B48250093C805 /* Build configuration list for PBXNativeTarget "chat-storage" */;
			buildPhases = (
				4E15EB152F2B48230093C805 /* Sources */,
				4E15EB162F2B48230093C805 /* Frameworks */,
				4E15EB172F2B48230093C805 /* Resources */,
			);
			buildRules = (
			);
			dependencies = (
			);
			name = "chat-storage";
			productName = "chat-storage";
			productReference = 4E15EB192F2B48230093C805 /* chat-storage.app */;
			productType = "com.apple.product-type.application";
		};
		4E15EB2E2F2B48250093C805 /* chat-storageTests */ = {
			isa = PBXNativeTarget;
			buildConfigurationList = 4E15EB462F2B48250093C805 /* Build configuration list for PBXNativeTarget "chat-storageTests" */;
			buildPhases = (
				4E15EB2B2F2B48250093C805 /* Sources */,
				4E15EB2C2F2B48250093C805 /* Frameworks */,
				4E15EB2D2F2B48250093C805 /* Resources */,
			);
			buildRules = (
			);
			dependencies = (
				4E15EB312F2B48250093C805 /* PBXTargetDependency */,
			);
			name = "chat-storageTests";
			productName = "chat-storageTests";
			productReference = 4E15EB2F2F2B48250093C805 /* chat-storageTests.xctest */;
			productType = "com.apple.product-type.bundle.unit-test";
		};
		4E15EB382F2B48250093C805 /* chat-storageUITests */ = {
			isa = PBXNativeTarget;
			buildConfigurationList = 4E15EB492F2B48250093C805 /* Build configuration list for PBXNativeTarget "chat-storageUITests" */;
			buildPhases = (
				4E15EB352F2B48250093C805 /* Sources */,
				4E15EB362F2B48250093C805 /* Frameworks */,
				4E15EB372F2B48250093C805 /* Resources */,
			);
			buildRules = (
			);
			dependencies = (
				4E15EB3B2F2B48250093C805 /* PBXTargetDependency */,
			);
			name = "chat-storageUITests";
			productName = "chat-storageUITests";
			productReference = 4E15EB392F2B48250093C805 /* chat-storageUITests.xctest */;
			productType = "com.apple.product-type.bundle.ui-testing";
		};
/* End PBXNativeTarget section */

/* Begin PBXProject section */
		4E15EB112F2B48230093C805 /* Project object */ = {
			isa = PBXProject;
			attributes = {
				BuildIndependentTargetsInParallel = 1;
				LastSwiftUpdateCheck = 1430;
				LastUpgradeCheck = 1430;
				TargetAttributes = {
					4E15EB182F2B48230093C805 = {
						CreatedOnToolsVersion = 14.3.1;
					};
					4E15EB2E2F2B48250093C805 = {
						CreatedOnToolsVersion = 14.3.1;
						TestTargetID = 4E15EB182F2B48230093C805;
					};
					4E15EB382F2B48250093C805 = {
						CreatedOnToolsVersion = 14.3.1;
						TestTargetID = 4E15EB182F2B48230093C805;
					};
				};
			};
			buildConfigurationList = 4E15EB142F2B48230093C805 /* Build configuration list for PBXProject "chat-storage" */;
			compatibilityVersion = "Xcode 14.0";
			developmentRegion = en;
			hasScannedForEncodings = 0;
			knownRegions = (
				en,
				Base,
			);
			mainGroup = 4E15EB102F2B48230093C805;
			productRefGroup = 4E15EB1A2F2B48230093C805 /* Products */;
			projectDirPath = "";
			projectRoot = "";
			targets = (
				4E15EB182F2B48230093C805 /* chat-storage */,
				4E15EB2E2F2B48250093C805 /* chat-storageTests */,
				4E15EB382F2B48250093C805 /* chat-storageUITests */,
			);
		};
/* End PBXProject section */

/* Begin PBXResourcesBuildPhase section */
		4E15EB172F2B48230093C805 /* Resources */ = {
			isa = PBXResourcesBuildPhase;
			buildActionMask = 2147483647;
			files = (
				4ED769A32F2CB198006CFB2F /* Preview Content in Resources */,
				4E15EB242F2B48250093C805 /* Preview Assets.xcassets in Resources */,
				4E15EB212F2B48250093C805 /* Assets.xcassets in Resources */,
				4E2B8E422F37294600EE9F33 /* Contents.json in Resources */,
			);
			runOnlyForDeploymentPostprocessing = 0;
		};
		4E15EB2D2F2B48250093C805 /* Resources */ = {
			isa = PBXResourcesBuildPhase;
			buildActionMask = 2147483647;
			files = (
			);
			runOnlyForDeploymentPostprocessing = 0;
		};
		4E15EB372F2B48250093C805 /* Resources */ = {
			isa = PBXResourcesBuildPhase;
			buildActionMask = 2147483647;
			files = (
			);
			runOnlyForDeploymentPostprocessing = 0;
		};
/* End PBXResourcesBuildPhase section */

/* Begin PBXSourcesBuildPhase section */
		4E15EB152F2B48230093C805 /* Sources */ = {
			isa = PBXSourcesBuildPhase;
			buildActionMask = 2147483647;
			files = (
				767210272F2DADC20067C257 /* MainChatStorage.swift in Sources */,
				4ED7699E2F2C88DF006CFB2F /* ConfigServerView.swift in Sources */,
				4ED769CA2F2CB8F4006CFB2F /* FrameTypeEnum.swift in Sources */,
				7672102B2F2DE52C0067C257 /* FileDto.swift in Sources */,
				4ED769982F2C4D6D006CFB2F /* InputValidator.swift in Sources */,
				4ED769D12F2CB903006CFB2F /* AuthenticationService.swift in Sources */,
				4ED7699A2F2C4D6D006CFB2F /* LoginView.swift in Sources */,
				4E2B8E412F37294600EE9F33 /* FileDownloadService.swift in Sources */,
				4ED769A52F2CB198006CFB2F /* SocketManager+FrameHandling.swift in Sources */,
				4ED769CB2F2CB8F4006CFB2F /* FrameParser.swift in Sources */,
				4ED7699C2F2C52F8006CFB2F /* SocketManager.swift in Sources */,
				4E2B8E3E2F37294600EE9F33 /* TransferModels.swift in Sources */,
				4E15EB262F2B48250093C805 /* Persistence.swift in Sources */,
				4ED769CC2F2CB8F4006CFB2F /* Frame.swift in Sources */,
				4E15EB292F2B48250093C805 /* chat_storage.xcdatamodeld in Sources */,
				4ED769992F2C4D6D006CFB2F /* RegisterView.swift in Sources */,
				4E2B8E402F37294600EE9F33 /* StorageTransferTask.swift in Sources */,
				4ED769C92F2CB8F4006CFB2F /* UserDO.swift in Sources */,
				4ED769CE2F2CB8F4006CFB2F /* UserRequest.swift in Sources */,
				4E15EB1F2F2B48230093C805 /* ContentView.swift in Sources */,
				4E2B8E3D2F37294600EE9F33 /* RecursiveDirectoryView.swift in Sources */,
				4E2B8E3C2F37294600EE9F33 /* VideoStreamLoaderDelegate.swift in Sources */,
				4E2B8E442F397EB500EE9F33 /* TransferTaskManager.swift in Sources */,
				4E15EB1D2F2B48230093C805 /* chat_storageApp.swift in Sources */,
				4ED769CD2F2CB8F4006CFB2F /* FrameBuilder.swift in Sources */,
				767210292F2DE4D70067C257 /* DirectoryService.swift in Sources */,
				4E2B8E3F2F37294600EE9F33 /* VideoPlayerView.swift in Sources */,
			);
			runOnlyForDeploymentPostprocessing = 0;
		};
		4E15EB2B2F2B48250093C805 /* Sources */ = {
			isa = PBXSourcesBuildPhase;
			buildActionMask = 2147483647;
			files = (
				4E15EB342F2B48250093C805 /* chat_storageTests.swift in Sources */,
			);
			runOnlyForDeploymentPostprocessing = 0;
		};
		4E15EB352F2B48250093C805 /* Sources */ = {
			isa = PBXSourcesBuildPhase;
			buildActionMask = 2147483647;
			files = (
				4E15EB402F2B48250093C805 /* chat_storageUITestsLaunchTests.swift in Sources */,
				4E15EB3E2F2B48250093C805 /* chat_storageUITests.swift in Sources */,
			);
			runOnlyForDeploymentPostprocessing = 0;
		};
/* End PBXSourcesBuildPhase section */

/* Begin PBXTargetDependency section */
		4E15EB312F2B48250093C805 /* PBXTargetDependency */ = {
			isa = PBXTargetDependency;
			target = 4E15EB182F2B48230093C805 /* chat-storage */;
			targetProxy = 4E15EB302F2B48250093C805 /* PBXContainerItemProxy */;
		};
		4E15EB3B2F2B48250093C805 /* PBXTargetDependency */ = {
			isa = PBXTargetDependency;
			target = 4E15EB182F2B48230093C805 /* chat-storage */;
			targetProxy = 4E15EB3A2F2B48250093C805 /* PBXContainerItemProxy */;
		};
/* End PBXTargetDependency section */

/* Begin XCBuildConfiguration section */
		4E15EB412F2B48250093C805 /* Debug */ = {
			isa = XCBuildConfiguration;
			buildSettings = {
				ALWAYS_SEARCH_USER_PATHS = NO;
				CLANG_ANALYZER_NONNULL = YES;
				CLANG_ANALYZER_NUMBER_OBJECT_CONVERSION = YES_AGGRESSIVE;
				CLANG_CXX_LANGUAGE_STANDARD = "gnu++20";
				CLANG_ENABLE_MODULES = YES;
				CLANG_ENABLE_OBJC_ARC = YES;
				CLANG_ENABLE_OBJC_WEAK = YES;
				CLANG_WARN_BLOCK_CAPTURE_AUTORELEASING = YES;
				CLANG_WARN_BOOL_CONVERSION = YES;
				CLANG_WARN_COMMA = YES;
				CLANG_WARN_CONSTANT_CONVERSION = YES;
				CLANG_WARN_DEPRECATED_OBJC_IMPLEMENTATIONS = YES;
				CLANG_WARN_DIRECT_OBJC_ISA_USAGE = YES_ERROR;
				CLANG_WARN_DOCUMENTATION_COMMENTS = YES;
				CLANG_WARN_EMPTY_BODY = YES;
				CLANG_WARN_ENUM_CONVERSION = YES;
				CLANG_WARN_INFINITE_RECURSION = YES;
				CLANG_WARN_INT_CONVERSION = YES;
				CLANG_WARN_NON_LITERAL_NULL_CONVERSION = YES;
				CLANG_WARN_OBJC_IMPLICIT_RETAIN_SELF = YES;
				CLANG_WARN_OBJC_LITERAL_CONVERSION = YES;
				CLANG_WARN_OBJC_ROOT_CLASS = YES_ERROR;
				CLANG_WARN_QUOTED_INCLUDE_IN_FRAMEWORK_HEADER = YES;
				CLANG_WARN_RANGE_LOOP_ANALYSIS = YES;
				CLANG_WARN_STRICT_PROTOTYPES = YES;
				CLANG_WARN_SUSPICIOUS_MOVE = YES;
				CLANG_WARN_UNGUARDED_AVAILABILITY = YES_AGGRESSIVE;
				CLANG_WARN_UNREACHABLE_CODE = YES;
				CLANG_WARN__DUPLICATE_METHOD_MATCH = YES;
				COPY_PHASE_STRIP = NO;
				DEBUG_INFORMATION_FORMAT = dwarf;
				ENABLE_STRICT_OBJC_MSGSEND = YES;
				ENABLE_TESTABILITY = YES;
				GCC_C_LANGUAGE_STANDARD = gnu11;
				GCC_DYNAMIC_NO_PIC = NO;
				GCC_NO_COMMON_BLOCKS = YES;
				GCC_OPTIMIZATION_LEVEL = 0;
				GCC_PREPROCESSOR_DEFINITIONS = (
					"DEBUG=1",
					"$(inherited)",
				);
				GCC_WARN_64_TO_32_BIT_CONVERSION = YES;
				GCC_WARN_ABOUT_RETURN_TYPE = YES_ERROR;
				GCC_WARN_UNDECLARED_SELECTOR = YES;
				GCC_WARN_UNINITIALIZED_AUTOS = YES_AGGRESSIVE;
				GCC_WARN_UNUSED_FUNCTION = YES;
				GCC_WARN_UNUSED_VARIABLE = YES;
				MACOSX_DEPLOYMENT_TARGET = 13.3;
				MTL_ENABLE_DEBUG_INFO = INCLUDE_SOURCE;
				MTL_FAST_MATH = YES;
				ONLY_ACTIVE_ARCH = YES;
				SDKROOT = macosx;
				SWIFT_ACTIVE_COMPILATION_CONDITIONS = DEBUG;
				SWIFT_OPTIMIZATION_LEVEL = "-Onone";
			};
			name = Debug;
		};
		4E15EB422F2B48250093C805 /* Release */ = {
			isa = XCBuildConfiguration;
			buildSettings = {
				ALWAYS_SEARCH_USER_PATHS = NO;
				CLANG_ANALYZER_NONNULL = YES;
				CLANG_ANALYZER_NUMBER_OBJECT_CONVERSION = YES_AGGRESSIVE;
				CLANG_CXX_LANGUAGE_STANDARD = "gnu++20";
				CLANG_ENABLE_MODULES = YES;
				CLANG_ENABLE_OBJC_ARC = YES;
				CLANG_ENABLE_OBJC_WEAK = YES;
				CLANG_WARN_BLOCK_CAPTURE_AUTORELEASING = YES;
				CLANG_WARN_BOOL_CONVERSION = YES;
				CLANG_WARN_COMMA = YES;
				CLANG_WARN_CONSTANT_CONVERSION = YES;
				CLANG_WARN_DEPRECATED_OBJC_IMPLEMENTATIONS = YES;
				CLANG_WARN_DIRECT_OBJC_ISA_USAGE = YES_ERROR;
				CLANG_WARN_DOCUMENTATION_COMMENTS = YES;
				CLANG_WARN_EMPTY_BODY = YES;
				CLANG_WARN_ENUM_CONVERSION = YES;
				CLANG_WARN_INFINITE_RECURSION = YES;
				CLANG_WARN_INT_CONVERSION = YES;
				CLANG_WARN_NON_LITERAL_NULL_CONVERSION = YES;
				CLANG_WARN_OBJC_IMPLICIT_RETAIN_SELF = YES;
				CLANG_WARN_OBJC_LITERAL_CONVERSION = YES;
				CLANG_WARN_OBJC_ROOT_CLASS = YES_ERROR;
				CLANG_WARN_QUOTED_INCLUDE_IN_FRAMEWORK_HEADER = YES;
				CLANG_WARN_RANGE_LOOP_ANALYSIS = YES;
				CLANG_WARN_STRICT_PROTOTYPES = YES;
				CLANG_WARN_SUSPICIOUS_MOVE = YES;
				CLANG_WARN_UNGUARDED_AVAILABILITY = YES_AGGRESSIVE;
				CLANG_WARN_UNREACHABLE_CODE = YES;
				CLANG_WARN__DUPLICATE_METHOD_MATCH = YES;
				COPY_PHASE_STRIP = NO;
				DEBUG_INFORMATION_FORMAT = "dwarf-with-dsym";
				ENABLE_NS_ASSERTIONS = NO;
				ENABLE_STRICT_OBJC_MSGSEND = YES;
				GCC_C_LANGUAGE_STANDARD = gnu11;
				GCC_NO_COMMON_BLOCKS = YES;
				GCC_WARN_64_TO_32_BIT_CONVERSION = YES;
				GCC_WARN_ABOUT_RETURN_TYPE = YES_ERROR;
				GCC_WARN_UNDECLARED_SELECTOR = YES;
				GCC_WARN_UNINITIALIZED_AUTOS = YES_AGGRESSIVE;
				GCC_WARN_UNUSED_FUNCTION = YES;
				GCC_WARN_UNUSED_VARIABLE = YES;
				MACOSX_DEPLOYMENT_TARGET = 13.3;
				MTL_ENABLE_DEBUG_INFO = NO;
				MTL_FAST_MATH = YES;
				SDKROOT = macosx;
				SWIFT_COMPILATION_MODE = wholemodule;
				SWIFT_OPTIMIZATION_LEVEL = "-O";
			};
			name = Release;
		};
		4E15EB442F2B48250093C805 /* Debug */ = {
			isa = XCBuildConfiguration;
			buildSettings = {
				ASSETCATALOG_COMPILER_APPICON_NAME = AppIcon;
				ASSETCATALOG_COMPILER_GLOBAL_ACCENT_COLOR_NAME = AccentColor;
				CODE_SIGN_ENTITLEMENTS = "chat-storage/chat_storage.entitlements";
				CODE_SIGN_STYLE = Automatic;
				COMBINE_HIDPI_IMAGES = YES;
				CURRENT_PROJECT_VERSION = 1;
				DEVELOPMENT_ASSET_PATHS = "\"chat-storage/Preview Content\"";
				ENABLE_PREVIEWS = YES;
				GENERATE_INFOPLIST_FILE = YES;
				INFOPLIST_KEY_NSHumanReadableCopyright = "";
				LD_RUNPATH_SEARCH_PATHS = (
					"$(inherited)",
					"@executable_path/../Frameworks",
				);
				MARKETING_VERSION = 1.0;
				PRODUCT_BUNDLE_IDENTIFIER = "duyao.chat-storage";
				PRODUCT_NAME = "$(TARGET_NAME)";
				SWIFT_EMIT_LOC_STRINGS = YES;
				SWIFT_VERSION = 5.0;
			};
			name = Debug;
		};
		4E15EB452F2B48250093C805 /* Release */ = {
			isa = XCBuildConfiguration;
			buildSettings = {
				ASSETCATALOG_COMPILER_APPICON_NAME = AppIcon;
				ASSETCATALOG_COMPILER_GLOBAL_ACCENT_COLOR_NAME = AccentColor;
				CODE_SIGN_ENTITLEMENTS = "chat-storage/chat_storage.entitlements";
				CODE_SIGN_STYLE = Automatic;
				COMBINE_HIDPI_IMAGES = YES;
				CURRENT_PROJECT_VERSION = 1;
				DEVELOPMENT_ASSET_PATHS = "\"chat-storage/Preview Content\"";
				ENABLE_PREVIEWS = YES;
				GENERATE_INFOPLIST_FILE = YES;
				INFOPLIST_KEY_NSHumanReadableCopyright = "";
				LD_RUNPATH_SEARCH_PATHS = (
					"$(inherited)",
					"@executable_path/../Frameworks",
				);
				MARKETING_VERSION = 1.0;
				PRODUCT_BUNDLE_IDENTIFIER = "duyao.chat-storage";
				PRODUCT_NAME = "$(TARGET_NAME)";
				SWIFT_EMIT_LOC_STRINGS = YES;
				SWIFT_VERSION = 5.0;
			};
			name = Release;
		};
		4E15EB472F2B48250093C805 /* Debug */ = {
			isa = XCBuildConfiguration;
			buildSettings = {
				ALWAYS_EMBED_SWIFT_STANDARD_LIBRARIES = YES;
				BUNDLE_LOADER = "$(TEST_HOST)";
				CODE_SIGN_STYLE = Automatic;
				CURRENT_PROJECT_VERSION = 1;
				GENERATE_INFOPLIST_FILE = YES;
				MACOSX_DEPLOYMENT_TARGET = 13.3;
				MARKETING_VERSION = 1.0;
				PRODUCT_BUNDLE_IDENTIFIER = "duyao.chat-storageTests";
				PRODUCT_NAME = "$(TARGET_NAME)";
				SWIFT_EMIT_LOC_STRINGS = NO;
				SWIFT_VERSION = 5.0;
				TEST_HOST = "$(BUILT_PRODUCTS_DIR)/chat-storage.app/$(BUNDLE_EXECUTABLE_FOLDER_PATH)/chat-storage";
			};
			name = Debug;
		};
		4E15EB482F2B48250093C805 /* Release */ = {
			isa = XCBuildConfiguration;
			buildSettings = {
				ALWAYS_EMBED_SWIFT_STANDARD_LIBRARIES = YES;
				BUNDLE_LOADER = "$(TEST_HOST)";
				CODE_SIGN_STYLE = Automatic;
				CURRENT_PROJECT_VERSION = 1;
				GENERATE_INFOPLIST_FILE = YES;
				MACOSX_DEPLOYMENT_TARGET = 13.3;
				MARKETING_VERSION = 1.0;
				PRODUCT_BUNDLE_IDENTIFIER = "duyao.chat-storageTests";
				PRODUCT_NAME = "$(TARGET_NAME)";
				SWIFT_EMIT_LOC_STRINGS = NO;
				SWIFT_VERSION = 5.0;
				TEST_HOST = "$(BUILT_PRODUCTS_DIR)/chat-storage.app/$(BUNDLE_EXECUTABLE_FOLDER_PATH)/chat-storage";
			};
			name = Release;
		};
		4E15EB4A2F2B48250093C805 /* Debug */ = {
			isa = XCBuildConfiguration;
			buildSettings = {
				ALWAYS_EMBED_SWIFT_STANDARD_LIBRARIES = YES;
				CODE_SIGN_STYLE = Automatic;
				CURRENT_PROJECT_VERSION = 1;
				GENERATE_INFOPLIST_FILE = YES;
				MARKETING_VERSION = 1.0;
				PRODUCT_BUNDLE_IDENTIFIER = "duyao.chat-storageUITests";
				PRODUCT_NAME = "$(TARGET_NAME)";
				SWIFT_EMIT_LOC_STRINGS = NO;
				SWIFT_VERSION = 5.0;
				TEST_TARGET_NAME = "chat-storage";
			};
			name = Debug;
		};
		4E15EB4B2F2B48250093C805 /* Release */ = {
			isa = XCBuildConfiguration;
			buildSettings = {
				ALWAYS_EMBED_SWIFT_STANDARD_LIBRARIES = YES;
				CODE_SIGN_STYLE = Automatic;
				CURRENT_PROJECT_VERSION = 1;
				GENERATE_INFOPLIST_FILE = YES;
				MARKETING_VERSION = 1.0;
				PRODUCT_BUNDLE_IDENTIFIER = "duyao.chat-storageUITests";
				PRODUCT_NAME = "$(TARGET_NAME)";
				SWIFT_EMIT_LOC_STRINGS = NO;
				SWIFT_VERSION = 5.0;
				TEST_TARGET_NAME = "chat-storage";
			};
			name = Release;
		};
/* End XCBuildConfiguration section */

/* Begin XCConfigurationList section */
		4E15EB142F2B48230093C805 /* Build configuration list for PBXProject "chat-storage" */ = {
			isa = XCConfigurationList;
			buildConfigurations = (
				4E15EB412F2B48250093C805 /* Debug */,
				4E15EB422F2B48250093C805 /* Release */,
			);
			defaultConfigurationIsVisible = 0;
			defaultConfigurationName = Release;
		};
		4E15EB432F2B48250093C805 /* Build configuration list for PBXNativeTarget "chat-storage" */ = {
			isa = XCConfigurationList;
			buildConfigurations = (
				4E15EB442F2B48250093C805 /* Debug */,
				4E15EB452F2B48250093C805 /* Release */,
			);
			defaultConfigurationIsVisible = 0;
			defaultConfigurationName = Release;
		};
		4E15EB462F2B48250093C805 /* Build configuration list for PBXNativeTarget "chat-storageTests" */ = {
			isa = XCConfigurationList;
			buildConfigurations = (
				4E15EB472F2B48250093C805 /* Debug */,
				4E15EB482F2B48250093C805 /* Release */,
			);
			defaultConfigurationIsVisible = 0;
			defaultConfigurationName = Release;
		};
		4E15EB492F2B48250093C805 /* Build configuration list for PBXNativeTarget "chat-storageUITests" */ = {
			isa = XCConfigurationList;
			buildConfigurations = (
				4E15EB4A2F2B48250093C805 /* Debug */,
				4E15EB4B2F2B48250093C805 /* Release */,
			);
			defaultConfigurationIsVisible = 0;
			defaultConfigurationName = Release;
		};
/* End XCConfigurationList section */

/* Begin XCVersionGroup section */
		4E15EB272F2B48250093C805 /* chat_storage.xcdatamodeld */ = {
			isa = XCVersionGroup;
			children = (
				4E15EB282F2B48250093C805 /* chat_storage.xcdatamodel */,
			);
			currentVersion = 4E15EB282F2B48250093C805 /* chat_storage.xcdatamodel */;
			path = chat_storage.xcdatamodeld;
			sourceTree = "<group>";
			versionGroupType = wrapper.xcdatamodel;
		};
/* End XCVersionGroup section */
	};
	rootObject = 4E15EB112F2B48230093C805 /* Project object */;
}
